{
  "name": "PersonalWeb-finalProject",
  "lockfileVersion": 3,
  "requires": true,
  "packages": {
    "": {
      "dependencies": {
        "gsap-trial": "^3.12.2",
        "loaders.css": "^0.1.2"
      }
    },
    "node_modules/gsap-trial": {
      "version": "3.12.2",
      "resolved": "https://registry.npmjs.org/gsap-trial/-/gsap-trial-3.12.2.tgz",
      "integrity": "sha512-6oSqqRZB0jcJmCBmM8I6UECAAacZOn76r5/QOIOD4gewYxoWuecDt0A4oT5zAT1fhq40lWHYAgXfN9Kd8hWQcQ=="
    },
    "node_modules/loaders.css": {
      "version": "0.1.2",
      "resolved": "https://registry.npmjs.org/loaders.css/-/loaders.css-0.1.2.tgz",
      "integrity": "sha512-Rhowlq24ey1VOeor+3wYOt9+MjaxBOJm1u4KlQgNC3+0xJ0LS4wq4iG57D/BPzvuD/7HHDGQOWJ+81oR2EI9bQ=="
    }
  }
}
